// !$*UTF8*$!
{
	archiveVersion = 1;
	classes = {
	};
	objectVersion = 56;
	objects = {

/* Begin PBXBuildFile section */
		D966CB682BB92F1600570C17 /* curevedCornerRadius.swift in Sources */ = {isa = PBXBuildFile; fileRef = D966CB672BB92F1600570C17 /* curevedCornerRadius.swift */; };
		D966CB6A2BB9520600570C17 /* TabBarView1.swift in Sources */ = {isa = PBXBuildFile; fileRef = D966CB692BB9520600570C17 /* TabBarView1.swift */; };
		D96B7FE22BB7DA4C008A30F6 /* TestApiSwiftUIApp.swift in Sources */ = {isa = PBXBuildFile; fileRef = D96B7FE12BB7DA4C008A30F6 /* TestApiSwiftUIApp.swift */; };
		D96B7FE42BB7DA4C008A30F6 /* ContentView.swift in Sources */ = {isa = PBXBuildFile; fileRef = D96B7FE32BB7DA4C008A30F6 /* ContentView.swift */; };
		D96B7FE62BB7DA4D008A30F6 /* Assets.xcassets in Resources */ = {isa = PBXBuildFile; fileRef = D96B7FE52BB7DA4D008A30F6 /* Assets.xcassets */; };
		D96B7FE92BB7DA4D008A30F6 /* Preview Assets.xcassets in Resources */ = {isa = PBXBuildFile; fileRef = D96B7FE82BB7DA4D008A30F6 /* Preview Assets.xcassets */; };
		D96B7FF02BB7DBB7008A30F6 /* fetchApi.swift in Sources */ = {isa = PBXBuildFile; fileRef = D96B7FEF2BB7DBB7008A30F6 /* fetchApi.swift */; };
/* End PBXBuildFile section */

/* Begin PBXFileReference section */
		D966CB672BB92F1600570C17 /* curevedCornerRadius.swift */ = {isa = PBXFileReference; lastKnownFileType = sourcecode.swift; path = curevedCornerRadius.swift; sourceTree = "<group>"; };
		D966CB692BB9520600570C17 /* TabBarView1.swift */ = {isa = PBXFileReference; lastKnownFileType = sourcecode.swift; path = TabBarView1.swift; sourceTree = "<group>"; };
		D96B7FDE2BB7DA4C008A30F6 /* TestApiSwiftUI.app */ = {isa = PBXFileReference; explicitFileType = wrapper.application; includeInIndex = 0; path = TestApiSwiftUI.app; sourceTree = BUILT_PRODUCTS_DIR; };
		D96B7FE12BB7DA4C008A30F6 /* TestApiSwiftUIApp.swift */ = {isa = PBXFileReference; lastKnownFileType = sourcecode.swift; path = TestApiSwiftUIApp.swift; sourceTree = "<group>"; };
		D96B7FE32BB7DA4C008A30F6 /* ContentView.swift */ = {isa = PBXFileReference; lastKnownFileType = sourcecode.swift; path = ContentView.swift; sourceTree = "<group>"; };
		D96B7FE52BB7DA4D008A30F6 /* Assets.xcassets */ = {isa = PBXFileReference; lastKnownFileType = folder.assetcatalog; path = Assets.xcassets; sourceTree = "<group>"; };
		D96B7FE82BB7DA4D008A30F6 /* Preview Assets.xcassets */ = {isa = PBXFileReference; lastKnownFileType = folder.assetcatalog; path = "Preview Assets.xcassets"; sourceTree = "<group>"; };
		D96B7FEF2BB7DBB7008A30F6 /* fetchApi.swift */ = {isa = PBXFileReference; lastKnownFileType = sourcecode.swift; path = fetchApi.swift; sourceTree = "<group>"; };
/* End PBXFileReference section */

/* Begin PBXFrameworksBuildPhase section */
		D96B7FDB2BB7DA4C008A30F6 /* Frameworks */ = {
			isa = PBXFrameworksBuildPhase;
			buildActionMask = 2147483647;
			files = (
			);
			runOnlyForDeploymentPostprocessing = 0;
		};
/* End PBXFrameworksBuildPhase section */

/* Begin PBXGroup section */
		D96B7FD52BB7DA4B008A30F6 = {
			isa = PBXGroup;
			children = (
				D96B7FE02BB7DA4C008A30F6 /* TestApiSwiftUI */,
				D96B7FDF2BB7DA4C008A30F6 /* Products */,
			);
			sourceTree = "<group>";
		};
		D96B7FDF2BB7DA4C008A30F6 /* Products */ = {
			isa = PBXGroup;
			children = (
				D96B7FDE2BB7DA4C008A30F6 /* TestApiSwiftUI.app */,
			);
			name = Products;
			sourceTree = "<group>";
		};
		D96B7FE02BB7DA4C008A30F6 /* TestApiSwiftUI */ = {
			isa = PBXGroup;
			children = (
				D96B7FE12BB7DA4C008A30F6 /* TestApiSwiftUIApp.swift */,
				D966CB672BB92F1600570C17 /* curevedCornerRadius.swift */,
				D966CB692BB9520600570C17 /* TabBarView1.swift */,
				D96B7FE32BB7DA4C008A30F6 /* ContentView.swift */,
				D96B7FEF2BB7DBB7008A30F6 /* fetchApi.swift */,
				D96B7FE52BB7DA4D008A30F6 /* Assets.xcassets */,
				D96B7FE72BB7DA4D008A30F6 /* Preview Content */,
			);
			path = TestApiSwiftUI;
			sourceTree = "<group>";
		};
		D96B7FE72BB7DA4D008A30F6 /* Preview Content */ = {
			isa = PBXGroup;
			children = (
				D96B7FE82BB7DA4D008A30F6 /* Preview Assets.xcassets */,
			);
			path = "Preview Content";
			sourceTree = "<group>";
		};
/* End PBXGroup section */

/* Begin PBXNativeTarget section */
		D96B7FDD2BB7DA4C008A30F6 /* TestApiSwiftUI */ = {
			isa = PBXNativeTarget;
			buildConfigurationList = D96B7FEC2BB7DA4D008A30F6 /* Build configuration list for PBXNativeTarget "TestApiSwiftUI" */;
			buildPhases = (
				D96B7FDA2BB7DA4C008A30F6 /* Sources */,
				D96B7FDB2BB7DA4C008A30F6 /* Frameworks */,
				D96B7FDC2BB7DA4C008A30F6 /* Resources */,
			);
			buildRules = (
			);
			dependencies = (
			);
			name = TestApiSwiftUI;
			productName = TestApiSwiftUI;
			productReference = D96B7FDE2BB7DA4C008A30F6 /* TestApiSwiftUI.app */;
			productType = "com.apple.product-type.application";
		};
/* End PBXNativeTarget section */

/* Begin PBXProject section */
		D96B7FD62BB7DA4B008A30F6 /* Project object */ = {
			isa = PBXProject;
			attributes = {
				BuildIndependentTargetsInParallel = 1;
				LastSwiftUpdateCheck = 1500;
				LastUpgradeCheck = 1500;
				TargetAttributes = {
					D96B7FDD2BB7DA4C008A30F6 = {
						CreatedOnToolsVersion = 15.0.1;
					};
				};
			};
			buildConfigurationList = D96B7FD92BB7DA4B008A30F6 /* Build configuration list for PBXProject "TestApiSwiftUI" */;
			compatibilityVersion = "Xcode 14.0";
			developmentRegion = en;
			hasScannedForEncodings = 0;
			knownRegions = (
				en,
				Base,
			);
			mainGroup = D96B7FD52BB7DA4B008A30F6;
			productRefGroup = D96B7FDF2BB7DA4C008A30F6 /* Products */;
			projectDirPath = "";
			projectRoot = "";
			targets = (
				D96B7FDD2BB7DA4C008A30F6 /* TestApiSwiftUI */,
			);
		};
/* End PBXProject section */

/* Begin PBXResourcesBuildPhase section */
		D96B7FDC2BB7DA4C008A30F6 /* Resources */ = {
			isa = PBXResourcesBuildPhase;
			buildActionMask = 2147483647;
			files = (
				D96B7FE92BB7DA4D008A30F6 /* Preview Assets.xcassets in Resources */,
				D96B7FE62BB7DA4D008A30F6 /* Assets.xcassets in Resources */,
			);
			runOnlyForDeploymentPostprocessing = 0;
		};
/* End PBXResourcesBuildPhase section */

/* Begin PBXSourcesBuildPhase section */
		D96B7FDA2BB7DA4C008A30F6 /* Sources */ = {
			isa = PBXSourcesBuildPhase;
			buildActionMask = 2147483647;
			files = (
				D966CB6A2BB9520600570C17 /* TabBarView1.swift in Sources */,
				D96B7FE42BB7DA4C008A30F6 /* ContentView.swift in Sources */,
				D96B7FE22BB7DA4C008A30F6 /* TestApiSwiftUIApp.swift in Sources */,
				D96B7FF02BB7DBB7008A30F6 /* fetchApi.swift in Sources */,
				D966CB682BB92F1600570C17 /* curevedCornerRadius.swift in Sources */,
			);
			runOnlyForDeploymentPostprocessing = 0;
		};
/* End PBXSourcesBuildPhase section */

/* Begin XCBuildConfiguration section */
		D96B7FEA2BB7DA4D008A30F6 /* Debug */ = {
			isa = XCBuildConfiguration;
			buildSettings = {
				ALWAYS_SEARCH_USER_PATHS = NO;
				ASSETCATALOG_COMPILER_GENERATE_SWIFT_ASSET_SYMBOL_EXTENSIONS = YES;
				CLANG_ANALYZER_NONNULL = YES;
				CLANG_ANALYZER_NUMBER_OBJECT_CONVERSION = YES_AGGRESSIVE;
				CLANG_CXX_LANGUAGE_STANDARD = "gnu++20";
				CLANG_ENABLE_MODULES = YES;
				CLANG_ENABLE_OBJC_ARC = YES;
				CLANG_ENABLE_OBJC_WEAK = YES;
				CLANG_WARN_BLOCK_CAPTURE_AUTORELEASING = YES;
				CLANG_WARN_BOOL_CONVERSION = YES;
				CLANG_WARN_COMMA = YES;
				CLANG_WARN_CONSTANT_CONVERSION = YES;
				CLANG_WARN_DEPRECATED_OBJC_IMPLEMENTATIONS = YES;
				CLANG_WARN_DIRECT_OBJC_ISA_USAGE = YES_ERROR;
				CLANG_WARN_DOCUMENTATION_COMMENTS = YES;
				CLANG_WARN_EMPTY_BODY = YES;
				CLANG_WARN_ENUM_CONVERSION = YES;
				CLANG_WARN_INFINITE_RECURSION = YES;
				CLANG_WARN_INT_CONVERSION = YES;
				CLANG_WARN_NON_LITERAL_NULL_CONVERSION = YES;
				CLANG_WARN_OBJC_IMPLICIT_RETAIN_SELF = YES;
				CLANG_WARN_OBJC_LITERAL_CONVERSION = YES;
				CLANG_WARN_OBJC_ROOT_CLASS = YES_ERROR;
				CLANG_WARN_QUOTED_INCLUDE_IN_FRAMEWORK_HEADER = YES;
				CLANG_WARN_RANGE_LOOP_ANALYSIS = YES;
				CLANG_WARN_STRICT_PROTOTYPES = YES;
				CLANG_WARN_SUSPICIOUS_MOVE = YES;
				CLANG_WARN_UNGUARDED_AVAILABILITY = YES_AGGRESSIVE;
				CLANG_WARN_UNREACHABLE_CODE = YES;
				CLANG_WARN__DUPLICATE_METHOD_MATCH = YES;
				COPY_PHASE_STRIP = NO;
				DEBUG_INFORMATION_FORMAT = dwarf;
				ENABLE_STRICT_OBJC_MSGSEND = YES;
				ENABLE_TESTABILITY = YES;
				ENABLE_USER_SCRIPT_SANDBOXING = YES;
				GCC_C_LANGUAGE_STANDARD = gnu17;
				GCC_DYNAMIC_NO_PIC = NO;
				GCC_NO_COMMON_BLOCKS = YES;
				GCC_OPTIMIZATION_LEVEL = 0;
				GCC_PREPROCESSOR_DEFINITIONS = (
					"DEBUG=1",
					"$(inherited)",
				);
				GCC_WARN_64_TO_32_BIT_CONVERSION = YES;
				GCC_WARN_ABOUT_RETURN_TYPE = YES_ERROR;
				GCC_WARN_UNDECLARED_SELECTOR = YES;
				GCC_WARN_UNINITIALIZED_AUTOS = YES_AGGRESSIVE;
				GCC_WARN_UNUSED_FUNCTION = YES;
				GCC_WARN_UNUSED_VARIABLE = YES;
				IPHONEOS_DEPLOYMENT_TARGET = 17.0;
				LOCALIZATION_PREFERS_STRING_CATALOGS = YES;
				MTL_ENABLE_DEBUG_INFO = INCLUDE_SOURCE;
				MTL_FAST_MATH = YES;
				ONLY_ACTIVE_ARCH = YES;
				SDKROOT = iphoneos;
				SWIFT_ACTIVE_COMPILATION_CONDITIONS = "DEBUG $(inherited)";
				SWIFT_OPTIMIZATION_LEVEL = "-Onone";
			};
			name = Debug;
		};
		D96B7FEB2BB7DA4D008A30F6 /* Release */ = {
			isa = XCBuildConfiguration;
			buildSettings = {
				ALWAYS_SEARCH_USER_PATHS = NO;
				ASSETCATALOG_COMPILER_GENERATE_SWIFT_ASSET_SYMBOL_EXTENSIONS = YES;
				CLANG_ANALYZER_NONNULL = YES;
				CLANG_ANALYZER_NUMBER_OBJECT_CONVERSION = YES_AGGRESSIVE;
				CLANG_CXX_LANGUAGE_STANDARD = "gnu++20";
				CLANG_ENABLE_MODULES = YES;
				CLANG_ENABLE_OBJC_ARC = YES;
				CLANG_ENABLE_OBJC_WEAK = YES;
				CLANG_WARN_BLOCK_CAPTURE_AUTORELEASING = YES;
				CLANG_WARN_BOOL_CONVERSION = YES;
				CLANG_WARN_COMMA = YES;
				CLANG_WARN_CONSTANT_CONVERSION = YES;
				CLANG_WARN_DEPRECATED_OBJC_IMPLEMENTATIONS = YES;
				CLANG_WARN_DIRECT_OBJC_ISA_USAGE = YES_ERROR;
				CLANG_WARN_DOCUMENTATION_COMMENTS = YES;
				CLANG_WARN_EMPTY_BODY = YES;
				CLANG_WARN_ENUM_CONVERSION = YES;
				CLANG_WARN_INFINITE_RECURSION = YES;
				CLANG_WARN_INT_CONVERSION = YES;
				CLANG_WARN_NON_LITERAL_NULL_CONVERSION = YES;
				CLANG_WARN_OBJC_IMPLICIT_RETAIN_SELF = YES;
				CLANG_WARN_OBJC_LITERAL_CONVERSION = YES;
				CLANG_WARN_OBJC_ROOT_CLASS = YES_ERROR;
				CLANG_WARN_QUOTED_INCLUDE_IN_FRAMEWORK_HEADER = YES;
				CLANG_WARN_RANGE_LOOP_ANALYSIS = YES;
				CLANG_WARN_STRICT_PROTOTYPES = YES;
				CLANG_WARN_SUSPICIOUS_MOVE = YES;
				CLANG_WARN_UNGUARDED_AVAILABILITY = YES_AGGRESSIVE;
				CLANG_WARN_UNREACHABLE_CODE = YES;
				CLANG_WARN__DUPLICATE_METHOD_MATCH = YES;
				COPY_PHASE_STRIP = NO;
				DEBUG_INFORMATION_FORMAT = "dwarf-with-dsym";
				ENABLE_NS_ASSERTIONS = NO;
				ENABLE_STRICT_OBJC_MSGSEND = YES;
				ENABLE_USER_SCRIPT_SANDBOXING = YES;
				GCC_C_LANGUAGE_STANDARD = gnu17;
				GCC_NO_COMMON_BLOCKS = YES;
				GCC_WARN_64_TO_32_BIT_CONVERSION = YES;
				GCC_WARN_ABOUT_RETURN_TYPE = YES_ERROR;
				GCC_WARN_UNDECLARED_SELECTOR = YES;
				GCC_WARN_UNINITIALIZED_AUTOS = YES_AGGRESSIVE;
				GCC_WARN_UNUSED_FUNCTION = YES;
				GCC_WARN_UNUSED_VARIABLE = YES;
				IPHONEOS_DEPLOYMENT_TARGET = 17.0;
				LOCALIZATION_PREFERS_STRING_CATALOGS = YES;
				MTL_ENABLE_DEBUG_INFO = NO;
				MTL_FAST_MATH = YES;
				SDKROOT = iphoneos;
				SWIFT_COMPILATION_MODE = wholemodule;
				VALIDATE_PRODUCT = YES;
			};
			name = Release;
		};
		D96B7FED2BB7DA4D008A30F6 /* Debug */ = {
			isa = XCBuildConfiguration;
			buildSettings = {
				ASSETCATALOG_COMPILER_APPICON_NAME = AppIcon;
				ASSETCATALOG_COMPILER_GLOBAL_ACCENT_COLOR_NAME = AccentColor;
				CODE_SIGN_STYLE = Automatic;
				CURRENT_PROJECT_VERSION = 1;
				DEVELOPMENT_ASSET_PATHS = "\"TestApiSwiftUI/Preview Content\"";
				DEVELOPMENT_TEAM = 4PN88S2B7V;
				ENABLE_PREVIEWS = YES;
				GENERATE_INFOPLIST_FILE = YES;
				INFOPLIST_KEY_UIApplicationSceneManifest_Generation = YES;
				INFOPLIST_KEY_UIApplicationSupportsIndirectInputEvents = YES;
				INFOPLIST_KEY_UILaunchScreen_Generation = YES;
				INFOPLIST_KEY_UISupportedInterfaceOrientations_iPad = "UIInterfaceOrientationPortrait UIInterfaceOrientationPortraitUpsideDown UIInterfaceOrientationLandscapeLeft UIInterfaceOrientationLandscapeRight";
				INFOPLIST_KEY_UISupportedInterfaceOrientations_iPhone = "UIInterfaceOrientationPortrait UIInterfaceOrientationLandscapeLeft UIInterfaceOrientationLandscapeRight";
				LD_RUNPATH_SEARCH_PATHS = (
					"$(inherited)",
					"@executable_path/Frameworks",
				);
				MARKETING_VERSION = 1.0;
				PRODUCT_BUNDLE_IDENTIFIER = com.Sudeepa.TestApiSwiftUI;
				PRODUCT_NAME = "$(TARGET_NAME)";
				SWIFT_EMIT_LOC_STRINGS = YES;
				SWIFT_VERSION = 5.0;
				TARGETED_DEVICE_FAMILY = "1,2";
			};
			name = Debug;
		};
		D96B7FEE2BB7DA4D008A30F6 /* Release */ = {
			isa = XCBuildConfiguration;
			buildSettings = {
				ASSETCATALOG_COMPILER_APPICON_NAME = AppIcon;
				ASSETCATALOG_COMPILER_GLOBAL_ACCENT_COLOR_NAME = AccentColor;
				CODE_SIGN_STYLE = Automatic;
				CURRENT_PROJECT_VERSION = 1;
				DEVELOPMENT_ASSET_PATHS = "\"TestApiSwiftUI/Preview Content\"";
				DEVELOPMENT_TEAM = 4PN88S2B7V;
				ENABLE_PREVIEWS = YES;
				GENERATE_INFOPLIST_FILE = YES;
				INFOPLIST_KEY_UIApplicationSceneManifest_Generation = YES;
				INFOPLIST_KEY_UIApplicationSupportsIndirectInputEvents = YES;
				INFOPLIST_KEY_UILaunchScreen_Generation = YES;
				INFOPLIST_KEY_UISupportedInterfaceOrientations_iPad = "UIInterfaceOrientationPortrait UIInterfaceOrientationPortraitUpsideDown UIInterfaceOrientationLandscapeLeft UIInterfaceOrientationLandscapeRight";
				INFOPLIST_KEY_UISupportedInterfaceOrientations_iPhone = "UIInterfaceOrientationPortrait UIInterfaceOrientationLandscapeLeft UIInterfaceOrientationLandscapeRight";
				LD_RUNPATH_SEARCH_PATHS = (
					"$(inherited)",
					"@executable_path/Frameworks",
				);
				MARKETING_VERSION = 1.0;
				PRODUCT_BUNDLE_IDENTIFIER = com.Sudeepa.TestApiSwiftUI;
				PRODUCT_NAME = "$(TARGET_NAME)";
				SWIFT_EMIT_LOC_STRINGS = YES;
				SWIFT_VERSION = 5.0;
				TARGETED_DEVICE_FAMILY = "1,2";
			};
			name = Release;
		};
/* End XCBuildConfiguration section */

/* Begin XCConfigurationList section */
		D96B7FD92BB7DA4B008A30F6 /* Build configuration list for PBXProject "TestApiSwiftUI" */ = {
			isa = XCConfigurationList;
			buildConfigurations = (
				D96B7FEA2BB7DA4D008A30F6 /* Debug */,
				D96B7FEB2BB7DA4D008A30F6 /* Release */,
			);
			defaultConfigurationIsVisible = 0;
			defaultConfigurationName = Release;
		};
		D96B7FEC2BB7DA4D008A30F6 /* Build configuration list for PBXNativeTarget "TestApiSwiftUI" */ = {
			isa = XCConfigurationList;
			buildConfigurations = (
				D96B7FED2BB7DA4D008A30F6 /* Debug */,
				D96B7FEE2BB7DA4D008A30F6 /* Release */,
			);
			defaultConfigurationIsVisible = 0;
			defaultConfigurationName = Release;
		};
/* End XCConfigurationList section */
	};
	rootObject = D96B7FD62BB7DA4B008A30F6 /* Project object */;
}
